[[package]]
category = "main"
description = "Distro - an OS platform information API"
name = "distro"
optional = false
python-versions = "*"
version = "1.4.0"

[metadata]
content-hash = "301e31814bce2a877b061029b93eb318c233cfdbeedc9935cdf866e6e94ee0a5"
python-versions = "^3.7"

[metadata.hashes]
distro = ["362dde65d846d23baee4b5c058c8586f219b5a54be1cf5fc6ff55c4578392f57", "eedf82a470ebe7d010f1872c17237c79ab04097948800029994fa458e52fb4b4"]
